
Microsoft Visual Studio Solution File, Format Version 12.00
# Visual Studio Version 17
VisualStudioVersion = 17.9.34723.18
MinimumVisualStudioVersion = 10.0.40219.1
Project("{9A19103F-16F7-4668-BE54-9A1E7A4F7556}") = "WebApplicationIdentity", "WebApplicationIdentity\WebApplicationIdentity.csproj", "{B1597FB8-A29E-48AF-9059-4EE31D127F6A}"
EndProject
Project("{9A19103F-16F7-4668-BE54-9A1E7A4F7556}") = "BlazorApp2", "BlazorApp2\BlazorApp2.csproj", "{3D4A3C0B-D029-4BBE-839C-70FADDBE3936}"
EndProject
Project("{9A19103F-16F7-4668-BE54-9A1E7A4F7556}") = "RazorShared", "RazorShared\RazorShared.csproj", "{6BFD9C93-DD90-46A7-B3D2-2DC96C590343}"
EndProject
Project("{9A19103F-16F7-4668-BE54-9A1E7A4F7556}") = "MauiApp1", "MauiApp1\MauiApp1.csproj", "{BAF63785-5F0C-4C10-908D-3C92BFB55426}"
EndProject
Project("{9A19103F-16F7-4668-BE54-9A1E7A4F7556}") = "ClassLibrary1", "ClassLibrary1\ClassLibrary1.csproj", "{605B6E19-0513-4E26-B4E7-510FB14B3474}"
EndProject
Project("{FAE04EC0-301F-11D3-BF4B-00C04F79EFBC}") = "MauiAppMobile", "MauiAppMobile\MauiAppMobile.csproj", "{944BE0DD-E691-4776-A381-48FE6AFCAC88}"
EndProject
Global
	GlobalSection(SolutionConfigurationPlatforms) = preSolution
		Debug|Any CPU = Debug|Any CPU
		Release|Any CPU = Release|Any CPU
	EndGlobalSection
	GlobalSection(ProjectConfigurationPlatforms) = postSolution
		{B1597FB8-A29E-48AF-9059-4EE31D127F6A}.Debug|Any CPU.ActiveCfg = Debug|Any CPU
		{B1597FB8-A29E-48AF-9059-4EE31D127F6A}.Debug|Any CPU.Build.0 = Debug|Any CPU
		{B1597FB8-A29E-48AF-9059-4EE31D127F6A}.Release|Any CPU.ActiveCfg = Release|Any CPU
		{B1597FB8-A29E-48AF-9059-4EE31D127F6A}.Release|Any CPU.Build.0 = Release|Any CPU
		{3D4A3C0B-D029-4BBE-839C-70FADDBE3936}.Debug|Any CPU.ActiveCfg = Debug|Any CPU
		{3D4A3C0B-D029-4BBE-839C-70FADDBE3936}.Debug|Any CPU.Build.0 = Debug|Any CPU
		{3D4A3C0B-D029-4BBE-839C-70FADDBE3936}.Release|Any CPU.ActiveCfg = Release|Any CPU
		{3D4A3C0B-D029-4BBE-839C-70FADDBE3936}.Release|Any CPU.Build.0 = Release|Any CPU
		{6BFD9C93-DD90-46A7-B3D2-2DC96C590343}.Debug|Any CPU.ActiveCfg = Debug|Any CPU
		{6BFD9C93-DD90-46A7-B3D2-2DC96C590343}.Debug|Any CPU.Build.0 = Debug|Any CPU
		{6BFD9C93-DD90-46A7-B3D2-2DC96C590343}.Release|Any CPU.ActiveCfg = Release|Any CPU
		{6BFD9C93-DD90-46A7-B3D2-2DC96C590343}.Release|Any CPU.Build.0 = Release|Any CPU
		{BAF63785-5F0C-4C10-908D-3C92BFB55426}.Debug|Any CPU.ActiveCfg = Debug|Any CPU
		{BAF63785-5F0C-4C10-908D-3C92BFB55426}.Debug|Any CPU.Build.0 = Debug|Any CPU
		{BAF63785-5F0C-4C10-908D-3C92BFB55426}.Debug|Any CPU.Deploy.0 = Debug|Any CPU
		{BAF63785-5F0C-4C10-908D-3C92BFB55426}.Release|Any CPU.ActiveCfg = Release|Any CPU
		{BAF63785-5F0C-4C10-908D-3C92BFB55426}.Release|Any CPU.Build.0 = Release|Any CPU
		{BAF63785-5F0C-4C10-908D-3C92BFB55426}.Release|Any CPU.Deploy.0 = Release|Any CPU
		{605B6E19-0513-4E26-B4E7-510FB14B3474}.Debug|Any CPU.ActiveCfg = Debug|Any CPU
		{605B6E19-0513-4E26-B4E7-510FB14B3474}.Debug|Any CPU.Build.0 = Debug|Any CPU
		{605B6E19-0513-4E26-B4E7-510FB14B3474}.Release|Any CPU.ActiveCfg = Release|Any CPU
		{605B6E19-0513-4E26-B4E7-510FB14B3474}.Release|Any CPU.Build.0 = Release|Any CPU
		{944BE0DD-E691-4776-A381-48FE6AFCAC88}.Debug|Any CPU.ActiveCfg = Debug|Any CPU
		{944BE0DD-E691-4776-A381-48FE6AFCAC88}.Debug|Any CPU.Build.0 = Debug|Any CPU
		{944BE0DD-E691-4776-A381-48FE6AFCAC88}.Debug|Any CPU.Deploy.0 = Debug|Any CPU
		{944BE0DD-E691-4776-A381-48FE6AFCAC88}.Release|Any CPU.ActiveCfg = Release|Any CPU
		{944BE0DD-E691-4776-A381-48FE6AFCAC88}.Release|Any CPU.Build.0 = Release|Any CPU
		{944BE0DD-E691-4776-A381-48FE6AFCAC88}.Release|Any CPU.Deploy.0 = Release|Any CPU
	EndGlobalSection
	GlobalSection(SolutionProperties) = preSolution
		HideSolutionNode = FALSE
	EndGlobalSection
	GlobalSection(ExtensibilityGlobals) = postSolution
		SolutionGuid = {C38A758E-001A-4BEB-AEC4-66E241FB1077}
	EndGlobalSection
EndGlobal
